schema: '2.0'
stages:
  download_data:
    cmd: kaggle competitions download -c petfinder-pawpularity-score -p data/
    outs:
    - path: data/petfinder-pawpularity-score.zip
      md5: 35dd50bacd33ebba746738508e20e276
      size: 1030728211
  unzip_data:
    cmd: unzip data/petfinder-pawpularity-score.zip -d data/
    deps:
    - path: data/petfinder-pawpularity-score.zip
      md5: 35dd50bacd33ebba746738508e20e276
      size: 1030728211
    outs:
    - path: data/sample_submission.csv
      md5: eed5ebc04c54d5e5130a85a4d81dfc6e
      size: 326
    - path: data/test
      md5: e945e75c5c4c977b08ad644851755e27.dir
      size: 83775
      nfiles: 8
    - path: data/test.csv
      md5: 4e4d1b962044457c29f636cc02716e46
      size: 545
    - path: data/train
      md5: 065c7f4be0d67e5175f532982b56cb52.dir
      size: 1039930050
      nfiles: 9912
    - path: data/train.csv
      md5: a7812f42b71d57e77dfc6e05f5cdd865
      size: 594740
  create_folds:
    cmd: python pipe/create_folds.py
    deps:
    - path: data/train_deduped.csv
      md5: f81d9c4c779ac671c8cbe4db1434f950
      size: 661548
    - path: pipe/create_folds.py
      md5: 03c7c7dbb5a1d6e3a0b1af47941c0e87
      size: 773
    params:
      params.yaml:
        create_folds:
          seed: 6822
          k: 5
    outs:
    - path: data/train_folds.csv
      md5: b9da27ec2c199975db0c599e64685d13
      size: 661559
  train_one:
    cmd: python pipe/train_one.py
    deps:
    - path: data/train_384
      md5: 9aeba730415ecc750f220fe302acac6a.dir
      size: 234802523
      nfiles: 9912
    - path: data/train_folds.csv
      md5: b9da27ec2c199975db0c599e64685d13
      size: 661559
    - path: pipe/train_one.py
      md5: 07cf992ae15da6502b2459c2fc39ddb1
      size: 4823
    params:
      params.yaml:
        train_one:
          seed: 46
          fold: -1
          metric: rmse
          metric_mode: min
          train_data: data/train_384
          arch: swin_large_patch4_window12_384
          pretrained: true
          epochs: 10
          bs: 8
          auto_batch_size: false
          accumulate_grad_batches: 1
          precision: 32
          n_tfms: 2
          magn: 3
          sz: 384
          dropout: 0.0
          wd: 0.0
          label_smoothing: 0.0
          loss: bce_with_logits
          opt: adam
          sched: onecycle
          lr: 2.5e-05
          auto_lr: false
          mom: 0.9
    outs:
    - path: ckpts/model_one_fold0.ckpt
      md5: 3bada8a7384d5c399c4dacb65c8410b3
      size: 2358837006
    - path: ckpts/model_one_fold1.ckpt
      md5: d11dc3c52e69237a3f95c588f8985353
      size: 2358837006
    - path: ckpts/model_one_fold2.ckpt
      md5: 23b16f8c1bc012f98a58d16f77df0dd4
      size: 2358837006
    - path: ckpts/model_one_fold3.ckpt
      md5: c626162e9366ce7be528c4221917b0c4
      size: 2358837006
    - path: ckpts/model_one_fold4.ckpt
      md5: c837fafed2e1504157aaa0ae096b3572
      size: 2358837006
    - path: metrics/model_one.json
      md5: 77bea41f0ea05703b29790e5ccf3a776
      size: 45
    - path: preds/model_one_fold0.npy
      md5: d8ab1a8d402a9af638e62ab54dc89a1f
      size: 8040
    - path: preds/model_one_fold1.npy
      md5: fce7837ba8c9b6008d442fb74687f878
      size: 8040
    - path: preds/model_one_fold2.npy
      md5: 06fb95ae1cc11080ea102712f05b349d
      size: 8040
    - path: preds/model_one_fold3.npy
      md5: d916369f6a59cf8e392e64f87bff56c9
      size: 8040
    - path: preds/model_one_fold4.npy
      md5: 91952c3c115df88f2a3df4ef66dbe010
      size: 8040
  resize_images:
    cmd: python pipe/resize_images.py
    deps:
    - path: data/test
      md5: e945e75c5c4c977b08ad644851755e27.dir
      size: 83775
      nfiles: 8
    - path: data/train
      md5: 065c7f4be0d67e5175f532982b56cb52.dir
      size: 1039930050
      nfiles: 9912
    - path: pipe/resize_images.py
      md5: 22b4e2500eb69a98b5f32cd73384fa8e
      size: 854
    params:
      params.yaml:
        resize:
          sz:
          - 224
          - 384
    outs:
    - path: data/test_224/
      md5: a7ba3be9ceced4ebcaa901c8ece5d971.dir
      size: 11288
      nfiles: 8
    - path: data/test_384/
      md5: 9824472a37c1f99c25c96e7300bb3c35.dir
      size: 23448
      nfiles: 8
    - path: data/train_224/
      md5: 4d3f19867a6f896eb31f001615b86a24.dir
      size: 96860688
      nfiles: 9912
    - path: data/train_384/
      md5: 9aeba730415ecc750f220fe302acac6a.dir
      size: 234802523
      nfiles: 9912
  train_two:
    cmd: python pipe/train_two.py
    deps:
    - path: data/train_224
      md5: 4d3f19867a6f896eb31f001615b86a24.dir
      size: 96860688
      nfiles: 9912
    - path: data/train_folds.csv
      md5: b9da27ec2c199975db0c599e64685d13
      size: 661559
    - path: pipe/train_two.py
      md5: 7596507288d7135488b262b5cc9046dd
      size: 4823
    params:
      params.yaml:
        train_two:
          seed: 46
          fold: -1
          metric: rmse
          metric_mode: min
          train_data: data/train_224
          arch: swin_large_patch4_window7_224
          pretrained: true
          epochs: 6
          bs: 40
          auto_batch_size: false
          accumulate_grad_batches: 1
          precision: 32
          n_tfms: 2
          magn: 3
          sz: 224
          dropout: 0.0
          wd: 0.0
          label_smoothing: 0.0
          loss: bce_with_logits
          opt: adam
          sched: onecycle
          lr: 0.000125
          auto_lr: false
          mom: 0.9
    outs:
    - path: ckpts/model_two_fold0.ckpt
      md5: a08417e66a056312dc1f2022b593ff99
      size: 2344372302
    - path: ckpts/model_two_fold1.ckpt
      md5: b07a2a5436e70520a84030560fbc37f5
      size: 2344372302
    - path: ckpts/model_two_fold2.ckpt
      md5: 8a60601d52684c1e80c3552421e1f001
      size: 2344372302
    - path: ckpts/model_two_fold3.ckpt
      md5: aa827c8d715612060572f2e62dfbad85
      size: 2344372302
    - path: ckpts/model_two_fold4.ckpt
      md5: d8a6553e10343890dbd881e92c97595f
      size: 2344372302
    - path: metrics/model_two.json
      md5: 99c287ab9640ac67adb156cddcc043f8
      size: 45
    - path: preds/model_two_fold0.npy
      md5: 12e0b3204f424480649aa130501e34ea
      size: 8040
    - path: preds/model_two_fold1.npy
      md5: 42f09959e170b05ccb17b235c213fd2b
      size: 8040
    - path: preds/model_two_fold2.npy
      md5: 72bec8053b3a9c966c22390cf1a8cd55
      size: 8040
    - path: preds/model_two_fold3.npy
      md5: 3947bbffdb55708649399a3ea95f0029
      size: 8040
    - path: preds/model_two_fold4.npy
      md5: fa29f4ff22dced9bb7467617d69cec4f
      size: 8040
  remove_duplicates:
    cmd: python pipe/remove_duplicate_images.py
    deps:
    - path: data/train
      md5: 065c7f4be0d67e5175f532982b56cb52.dir
      size: 1039930050
      nfiles: 9912
    - path: pipe/remove_duplicate_images.py
      md5: 133332057839470a4ecaa327417561c6
      size: 1727
    outs:
    - path: data/train_deduped.csv
      md5: f81d9c4c779ac671c8cbe4db1434f950
      size: 661548
