schema: '2.0'
stages:
  download_data:
    cmd: kaggle competitions download -c petfinder-pawpularity-score -p data/
    outs:
    - path: data/petfinder-pawpularity-score.zip
      md5: 35dd50bacd33ebba746738508e20e276
      size: 1030728211
  unzip_data:
    cmd: unzip data/petfinder-pawpularity-score.zip -d data/
    deps:
    - path: data/petfinder-pawpularity-score.zip
      md5: 35dd50bacd33ebba746738508e20e276
      size: 1030728211
    outs:
    - path: data/sample_submission.csv
      md5: eed5ebc04c54d5e5130a85a4d81dfc6e
      size: 326
    - path: data/test
      md5: e945e75c5c4c977b08ad644851755e27.dir
      size: 83775
      nfiles: 8
    - path: data/test.csv
      md5: 4e4d1b962044457c29f636cc02716e46
      size: 545
    - path: data/train
      md5: 065c7f4be0d67e5175f532982b56cb52.dir
      size: 1039930050
      nfiles: 9912
    - path: data/train.csv
      md5: a7812f42b71d57e77dfc6e05f5cdd865
      size: 594740
  create_folds:
    cmd: python pipe/create_folds.py
    deps:
    - path: data/train.csv
      md5: a7812f42b71d57e77dfc6e05f5cdd865
      size: 594740
    - path: pipe/create_folds.py
      md5: 46d73ee2ebf612b573a916fd679d96f8
      size: 739
    params:
      params.yaml:
        create_folds:
          seed: 6822
          k: 5
    outs:
    - path: data/train_folds.csv
      md5: c2cb6a0cb24be6031baee25b65302691
      size: 614570
  train_one:
    cmd: python pipe/train_one.py
    deps:
    - path: data/train_384
      md5: 9aeba730415ecc750f220fe302acac6a.dir
      size: 234802523
      nfiles: 9912
    - path: data/train_folds.csv
      md5: c2cb6a0cb24be6031baee25b65302691
      size: 614570
    - path: pipe/train_one.py
      md5: 07cf992ae15da6502b2459c2fc39ddb1
      size: 4823
    params:
      params.yaml:
        train_one:
          seed: 46
          fold: -1
          metric: rmse
          metric_mode: min
          train_data: data/train_384
          arch: swin_large_patch4_window12_384
          pretrained: true
          epochs: 10
          bs: 8
          auto_batch_size: false
          accumulate_grad_batches: 1
          precision: 32
          n_tfms: 2
          magn: 3
          sz: 384
          dropout: 0.0
          wd: 0.0
          label_smoothing: 0.0
          loss: bce_with_logits
          opt: adam
          sched: onecycle
          lr: 2.5e-05
          auto_lr: false
          mom: 0.9
    outs:
    - path: ckpts/model_one_fold0.ckpt
      md5: 61a9db90d900c71cab402ed19315d4e3
      size: 2358837006
    - path: ckpts/model_one_fold1.ckpt
      md5: 7fa4c76920788c8656a47bea3799ab2f
      size: 2358837006
    - path: ckpts/model_one_fold2.ckpt
      md5: 454047f2010d6114c0bd22fb28878d7c
      size: 2358837006
    - path: ckpts/model_one_fold3.ckpt
      md5: acad27b15200254fafdb620bb6d805f8
      size: 2358837006
    - path: ckpts/model_one_fold4.ckpt
      md5: edf4ea8346c652e8f172400c14d94c3c
      size: 2358837006
    - path: metrics/model_one.json
      md5: 865734c3c18cadaadf42fcc5b1b62eaa
      size: 45
    - path: preds/model_one_fold0.npy
      md5: 412c15cdb65b71fdb085109dd8f8f062
      size: 8060
    - path: preds/model_one_fold1.npy
      md5: 40cc0e706448920e7c602d188c8b8d4a
      size: 8060
    - path: preds/model_one_fold2.npy
      md5: 04697ba5cdb9e60d282d4547103ab88f
      size: 8056
    - path: preds/model_one_fold3.npy
      md5: 359154807ad49618bae984ab87f8b977
      size: 8056
    - path: preds/model_one_fold4.npy
      md5: dd660f668bbdf1715aa993db6b944236
      size: 8056
  resize_images:
    cmd: python pipe/resize_images.py
    deps:
    - path: data/test
      md5: e945e75c5c4c977b08ad644851755e27.dir
      size: 83775
      nfiles: 8
    - path: data/train
      md5: 065c7f4be0d67e5175f532982b56cb52.dir
      size: 1039930050
      nfiles: 9912
    - path: pipe/resize_images.py
      md5: 22b4e2500eb69a98b5f32cd73384fa8e
      size: 854
    params:
      params.yaml:
        resize:
          sz:
          - 224
          - 384
    outs:
    - path: data/test_224/
      md5: a7ba3be9ceced4ebcaa901c8ece5d971.dir
      size: 11288
      nfiles: 8
    - path: data/test_384/
      md5: 9824472a37c1f99c25c96e7300bb3c35.dir
      size: 23448
      nfiles: 8
    - path: data/train_224/
      md5: 4d3f19867a6f896eb31f001615b86a24.dir
      size: 96860688
      nfiles: 9912
    - path: data/train_384/
      md5: 9aeba730415ecc750f220fe302acac6a.dir
      size: 234802523
      nfiles: 9912
  train_two:
    cmd: python pipe/train_two.py
    deps:
    - path: data/train_224
      md5: 4d3f19867a6f896eb31f001615b86a24.dir
      size: 96860688
      nfiles: 9912
    - path: data/train_folds.csv
      md5: c2cb6a0cb24be6031baee25b65302691
      size: 614570
    - path: pipe/train_two.py
      md5: 7596507288d7135488b262b5cc9046dd
      size: 4823
    params:
      params.yaml:
        train_two:
          seed: 46
          fold: -1
          metric: rmse
          metric_mode: min
          train_data: data/train_224
          arch: swin_large_patch4_window7_224
          pretrained: true
          epochs: 6
          bs: 40
          auto_batch_size: false
          accumulate_grad_batches: 1
          precision: 32
          n_tfms: 2
          magn: 3
          sz: 224
          dropout: 0.0
          wd: 0.0
          label_smoothing: 0.0
          loss: bce_with_logits
          opt: adam
          sched: onecycle
          lr: 0.000125
          auto_lr: false
          mom: 0.9
    outs:
    - path: ckpts/model_two_fold0.ckpt
      md5: da0c6e5cef092dd36e0ce59087962524
      size: 2344372302
    - path: ckpts/model_two_fold1.ckpt
      md5: e4184060602430bfa58ac29a11951ed7
      size: 2344372302
    - path: ckpts/model_two_fold2.ckpt
      md5: dd24d9726db529419818f0c0aaef0268
      size: 2344372302
    - path: ckpts/model_two_fold3.ckpt
      md5: b5c5e5a822fac3d101131993c5395b08
      size: 2344372302
    - path: ckpts/model_two_fold4.ckpt
      md5: 75096f88b4fcf465b242da2486ff6b02
      size: 2344372302
    - path: metrics/model_two.json
      md5: 91182e3f1f854f4af969035002ff88e6
      size: 45
    - path: preds/model_two_fold0.npy
      md5: 1681a5ae01c32b2fc1da465a7149dbb5
      size: 8060
    - path: preds/model_two_fold1.npy
      md5: 8b5a3fc8ce0ee07bf7997482d917224b
      size: 8060
    - path: preds/model_two_fold2.npy
      md5: 5bbfbae5da0a564854d5146b3976a10e
      size: 8056
    - path: preds/model_two_fold3.npy
      md5: 6ba9d792c6fdf3fc0ab0069336b022f3
      size: 8056
    - path: preds/model_two_fold4.npy
      md5: bbb358f27dec982a7beb6cb65ab5556c
      size: 8056
